
Microsoft Visual Studio Solution File, Format Version 12.00
# Visual Studio 2017
Project("{FAE04EC0-301F-11D3-BF4B-00C04F79EFBC}") = "PushCar.Plugins", "PushCar.Plugins.csproj", "{9159082F-5103-6CE5-BFD7-CCAEFB76C4D1}"
EndProject
Project("{FAE04EC0-301F-11D3-BF4B-00C04F79EFBC}") = "PushCar", "PushCar.csproj", "{5D35FAAE-4D5C-AE9D-D361-738157FE3583}"
EndProject
Project("{FAE04EC0-301F-11D3-BF4B-00C04F79EFBC}") = "PushCar.Editor", "PushCar.Editor.csproj", "{C86DC201-2652-8280-CE49-EBCC22A4B547}"
EndProject
Project("{FAE04EC0-301F-11D3-BF4B-00C04F79EFBC}") = "PushCar.Editor.Plugins", "PushCar.Editor.Plugins.csproj", "{2C47C894-E7BE-C0D9-35E4-56E5C278223F}"
EndProject
Global
	GlobalSection(SolutionConfigurationPlatforms) = preSolution
		Debug|Any CPU = Debug|Any CPU
		Release|Any CPU = Release|Any CPU
	EndGlobalSection
	GlobalSection(ProjectConfigurationPlatforms) = postSolution
		{9159082F-5103-6CE5-BFD7-CCAEFB76C4D1}.Debug|Any CPU.ActiveCfg = Debug|Any CPU
		{9159082F-5103-6CE5-BFD7-CCAEFB76C4D1}.Debug|Any CPU.Build.0 = Debug|Any CPU
		{9159082F-5103-6CE5-BFD7-CCAEFB76C4D1}.Release|Any CPU.ActiveCfg = Release|Any CPU
		{9159082F-5103-6CE5-BFD7-CCAEFB76C4D1}.Release|Any CPU.Build.0 = Release|Any CPU
		{5D35FAAE-4D5C-AE9D-D361-738157FE3583}.Debug|Any CPU.ActiveCfg = Debug|Any CPU
		{5D35FAAE-4D5C-AE9D-D361-738157FE3583}.Debug|Any CPU.Build.0 = Debug|Any CPU
		{5D35FAAE-4D5C-AE9D-D361-738157FE3583}.Release|Any CPU.ActiveCfg = Release|Any CPU
		{5D35FAAE-4D5C-AE9D-D361-738157FE3583}.Release|Any CPU.Build.0 = Release|Any CPU
		{C86DC201-2652-8280-CE49-EBCC22A4B547}.Debug|Any CPU.ActiveCfg = Debug|Any CPU
		{C86DC201-2652-8280-CE49-EBCC22A4B547}.Debug|Any CPU.Build.0 = Debug|Any CPU
		{C86DC201-2652-8280-CE49-EBCC22A4B547}.Release|Any CPU.ActiveCfg = Release|Any CPU
		{C86DC201-2652-8280-CE49-EBCC22A4B547}.Release|Any CPU.Build.0 = Release|Any CPU
		{2C47C894-E7BE-C0D9-35E4-56E5C278223F}.Debug|Any CPU.ActiveCfg = Debug|Any CPU
		{2C47C894-E7BE-C0D9-35E4-56E5C278223F}.Debug|Any CPU.Build.0 = Debug|Any CPU
		{2C47C894-E7BE-C0D9-35E4-56E5C278223F}.Release|Any CPU.ActiveCfg = Release|Any CPU
		{2C47C894-E7BE-C0D9-35E4-56E5C278223F}.Release|Any CPU.Build.0 = Release|Any CPU
	EndGlobalSection
	GlobalSection(SolutionProperties) = preSolution
		HideSolutionNode = FALSE
	EndGlobalSection
EndGlobal
